
Microsoft Visual Studio Solution File, Format Version 12.00
# Visual Studio Version 17
VisualStudioVersion = 17.5.002.0
MinimumVisualStudioVersion = 10.0.40219.1
Project("{9A19103F-16F7-4668-BE54-9A1E7A4F7556}") = "clase13-pe-Nav1dad", "clase13-pe-Nav1dad.csproj", "{BA1A29F8-2518-4229-87C1-97F9CEFB2BD9}"
EndProject
Global
	GlobalSection(SolutionConfigurationPlatforms) = preSolution
		Debug|Any CPU = Debug|Any CPU
		Release|Any CPU = Release|Any CPU
	EndGlobalSection
	GlobalSection(ProjectConfigurationPlatforms) = postSolution
		{BA1A29F8-2518-4229-87C1-97F9CEFB2BD9}.Debug|Any CPU.ActiveCfg = Debug|Any CPU
		{BA1A29F8-2518-4229-87C1-97F9CEFB2BD9}.Debug|Any CPU.Build.0 = Debug|Any CPU
		{BA1A29F8-2518-4229-87C1-97F9CEFB2BD9}.Release|Any CPU.ActiveCfg = Release|Any CPU
		{BA1A29F8-2518-4229-87C1-97F9CEFB2BD9}.Release|Any CPU.Build.0 = Release|Any CPU
	EndGlobalSection
	GlobalSection(SolutionProperties) = preSolution
		HideSolutionNode = FALSE
	EndGlobalSection
	GlobalSection(ExtensibilityGlobals) = postSolution
		SolutionGuid = {41706619-7B7D-44FC-9714-B73073124823}
	EndGlobalSection
EndGlobal
